
Microsoft Visual Studio Solution File, Format Version 12.00
# Visual Studio 15
VisualStudioVersion = 15.0.26730.15
MinimumVisualStudioVersion = 10.0.40219.1
Project("{FAE04EC0-301F-11D3-BF4B-00C04F79EFBC}") = "DrReiz.RoboGamer", "DrReiz.RoboGamer\DrReiz.RoboGamer.csproj", "{160FCFC6-ECF8-41BD-A228-07052518177F}"
EndProject
Project("{FAE04EC0-301F-11D3-BF4B-00C04F79EFBC}") = "DrReiz.InputProxy", "DrReiz.InputProxy\DrReiz.InputProxy.csproj", "{900505CB-7035-48EC-9230-D2B203259933}"
EndProject
Project("{FAE04EC0-301F-11D3-BF4B-00C04F79EFBC}") = "DrReiz.RoboGamer.Wui", "DrReiz.RoboGamer.Wui\DrReiz.RoboGamer.Wui.csproj", "{1965BF84-5D2B-4E40-80D0-E3244E29CCAF}"
EndProject
Project("{FAE04EC0-301F-11D3-BF4B-00C04F79EFBC}") = "DrReiz.GumballGamer", "DrReiz.GumballGamer\DrReiz.GumballGamer.csproj", "{4547B8D5-929D-4B30-90D0-C843AD7E124A}"
EndProject
Global
	GlobalSection(SolutionConfigurationPlatforms) = preSolution
		Debug|Any CPU = Debug|Any CPU
		Release|Any CPU = Release|Any CPU
	EndGlobalSection
	GlobalSection(ProjectConfigurationPlatforms) = postSolution
		{160FCFC6-ECF8-41BD-A228-07052518177F}.Debug|Any CPU.ActiveCfg = Debug|Any CPU
		{160FCFC6-ECF8-41BD-A228-07052518177F}.Debug|Any CPU.Build.0 = Debug|Any CPU
		{160FCFC6-ECF8-41BD-A228-07052518177F}.Release|Any CPU.ActiveCfg = Release|Any CPU
		{160FCFC6-ECF8-41BD-A228-07052518177F}.Release|Any CPU.Build.0 = Release|Any CPU
		{900505CB-7035-48EC-9230-D2B203259933}.Debug|Any CPU.ActiveCfg = Debug|Any CPU
		{900505CB-7035-48EC-9230-D2B203259933}.Debug|Any CPU.Build.0 = Debug|Any CPU
		{900505CB-7035-48EC-9230-D2B203259933}.Release|Any CPU.ActiveCfg = Release|Any CPU
		{900505CB-7035-48EC-9230-D2B203259933}.Release|Any CPU.Build.0 = Release|Any CPU
		{1965BF84-5D2B-4E40-80D0-E3244E29CCAF}.Debug|Any CPU.ActiveCfg = Debug|Any CPU
		{1965BF84-5D2B-4E40-80D0-E3244E29CCAF}.Debug|Any CPU.Build.0 = Debug|Any CPU
		{1965BF84-5D2B-4E40-80D0-E3244E29CCAF}.Release|Any CPU.ActiveCfg = Release|Any CPU
		{1965BF84-5D2B-4E40-80D0-E3244E29CCAF}.Release|Any CPU.Build.0 = Release|Any CPU
		{4547B8D5-929D-4B30-90D0-C843AD7E124A}.Debug|Any CPU.ActiveCfg = Debug|Any CPU
		{4547B8D5-929D-4B30-90D0-C843AD7E124A}.Debug|Any CPU.Build.0 = Debug|Any CPU
		{4547B8D5-929D-4B30-90D0-C843AD7E124A}.Release|Any CPU.ActiveCfg = Release|Any CPU
		{4547B8D5-929D-4B30-90D0-C843AD7E124A}.Release|Any CPU.Build.0 = Release|Any CPU
	EndGlobalSection
	GlobalSection(SolutionProperties) = preSolution
		HideSolutionNode = FALSE
	EndGlobalSection
	GlobalSection(ExtensibilityGlobals) = postSolution
		SolutionGuid = {32F9E293-EEE7-42E9-8BC4-1BAFA8A0A7BD}
	EndGlobalSection
EndGlobal
